
Microsoft Visual Studio Solution File, Format Version 12.00
# Visual Studio Version 16
VisualStudioVersion = 16.0.30011.22
MinimumVisualStudioVersion = 10.0.40219.1
Project("{FAE04EC0-301F-11D3-BF4B-00C04F79EFBC}") = "RemoveSickness", "RemoveSickness.csproj", "{4FD67AA3-F2C8-4498-BCDD-A37D3CC1ABE1}"
EndProject
Global
	GlobalSection(SolutionConfigurationPlatforms) = preSolution
		Debug|Any CPU = Debug|Any CPU
		Release|Any CPU = Release|Any CPU
	EndGlobalSection
	GlobalSection(ProjectConfigurationPlatforms) = postSolution
		{4FD67AA3-F2C8-4498-BCDD-A37D3CC1ABE1}.Debug|Any CPU.ActiveCfg = Debug|Any CPU
		{4FD67AA3-F2C8-4498-BCDD-A37D3CC1ABE1}.Debug|Any CPU.Build.0 = Debug|Any CPU
		{4FD67AA3-F2C8-4498-BCDD-A37D3CC1ABE1}.Release|Any CPU.ActiveCfg = Release|Any CPU
		{4FD67AA3-F2C8-4498-BCDD-A37D3CC1ABE1}.Release|Any CPU.Build.0 = Release|Any CPU
	EndGlobalSection
	GlobalSection(SolutionProperties) = preSolution
		HideSolutionNode = FALSE
	EndGlobalSection
	GlobalSection(ExtensibilityGlobals) = postSolution
		SolutionGuid = {B77D3DFB-DE42-4BFF-BF00-9A953AB91A47}
	EndGlobalSection
EndGlobal
